
Microsoft Visual Studio Solution File, Format Version 12.00
# Visual Studio Version 16
VisualStudioVersion = 16.0.29326.143
MinimumVisualStudioVersion = 10.0.40219.1
Project("{FAE04EC0-301F-11D3-BF4B-00C04F79EFBC}") = "Raytracer", "Raycaster\Raytracer.csproj", "{917C7F61-F883-4AA3-B310-AE7152CDCDC6}"
EndProject
Global
	GlobalSection(SolutionConfigurationPlatforms) = preSolution
		Debug|Any CPU = Debug|Any CPU
		Release|Any CPU = Release|Any CPU
	EndGlobalSection
	GlobalSection(ProjectConfigurationPlatforms) = postSolution
		{917C7F61-F883-4AA3-B310-AE7152CDCDC6}.Debug|Any CPU.ActiveCfg = Debug|Any CPU
		{917C7F61-F883-4AA3-B310-AE7152CDCDC6}.Debug|Any CPU.Build.0 = Debug|Any CPU
		{917C7F61-F883-4AA3-B310-AE7152CDCDC6}.Release|Any CPU.ActiveCfg = Release|Any CPU
		{917C7F61-F883-4AA3-B310-AE7152CDCDC6}.Release|Any CPU.Build.0 = Release|Any CPU
	EndGlobalSection
	GlobalSection(SolutionProperties) = preSolution
		HideSolutionNode = FALSE
	EndGlobalSection
	GlobalSection(ExtensibilityGlobals) = postSolution
		SolutionGuid = {DA34FFF6-AF56-4BBA-A063-863C1053ED74}
	EndGlobalSection
EndGlobal
